
Microsoft Visual Studio Solution File, Format Version 12.00
# Visual Studio Version 17
VisualStudioVersion = 17.14.36429.23
MinimumVisualStudioVersion = 10.0.40219.1
Project("{2150E333-8FDC-42A3-9474-1A3956D46DE8}") = "Ejercicios", "Ejercicios", "{02EA681E-C7D8-13C7-8484-4AC65E1B71E8}"
EndProject
Project("{2150E333-8FDC-42A3-9474-1A3956D46DE8}") = "Nivel1", "Nivel1", "{3A18F4F0-9B74-416B-9469-4B87798CB2B6}"
EndProject
Project("{FAE04EC0-301F-11D3-BF4B-00C04F79EFBC}") = "Eje1", "Eje1\Eje1.csproj", "{BF70C2F1-23B5-4D18-82AC-0602C9E462EF}"
EndProject
Project("{FAE04EC0-301F-11D3-BF4B-00C04F79EFBC}") = "Eje2", "Eje2\Eje2.csproj", "{19480F75-0BF4-46BC-8C0A-1CF52D58BC68}"
EndProject
Project("{FAE04EC0-301F-11D3-BF4B-00C04F79EFBC}") = "Eje3", "Eje3\Eje3.csproj", "{394977F8-19E7-45F5-A4D0-32A0AB76632A}"
EndProject
Project("{FAE04EC0-301F-11D3-BF4B-00C04F79EFBC}") = "Eje4", "Eje4\Eje4.csproj", "{7513F591-8E78-49CF-B0ED-D053A949ABC6}"
EndProject
Project("{FAE04EC0-301F-11D3-BF4B-00C04F79EFBC}") = "Eje5", "Eje5\Eje5.csproj", "{3B354A2B-41D2-4433-95FF-BAC09940EF0D}"
EndProject
Project("{FAE04EC0-301F-11D3-BF4B-00C04F79EFBC}") = "Eje6", "Eje6\Eje6.csproj", "{91883F0A-F57D-4DA4-A3F1-DDFB5C32D5D3}"
EndProject
Project("{FAE04EC0-301F-11D3-BF4B-00C04F79EFBC}") = "Eje7", "Eje7\Eje7.csproj", "{E7AD73D2-9075-4BF1-B846-D228F2D1D817}"
EndProject
Project("{FAE04EC0-301F-11D3-BF4B-00C04F79EFBC}") = "Eje8", "Eje8\Eje8.csproj", "{625A17DB-29E0-49B2-9392-5E54C2576497}"
EndProject
Project("{FAE04EC0-301F-11D3-BF4B-00C04F79EFBC}") = "Eje9", "Eje9\Eje9.csproj", "{252150E0-DA81-4850-8B60-2EE826F4338C}"
EndProject
Project("{2150E333-8FDC-42A3-9474-1A3956D46DE8}") = "Nivel2", "Nivel2", "{88F80163-DBC9-492D-BBB9-4CE781C3D776}"
EndProject
Project("{FAE04EC0-301F-11D3-BF4B-00C04F79EFBC}") = "Ej1ProductosLinq", "Ej1ProductosLinq\Ej1ProductosLinq.csproj", "{2CCECD2E-069A-40C0-88FF-0F63CAAA7776}"
EndProject
Project("{FAE04EC0-301F-11D3-BF4B-00C04F79EFBC}") = "Ej2BubbleSectionInsertionSort", "Ej2BubbleSectionInsertionSort\Ej2BubbleSectionInsertionSort.csproj", "{3AE80F01-550A-4200-AFBB-72383A362997}"
EndProject
Global
	GlobalSection(SolutionConfigurationPlatforms) = preSolution
		Debug|Any CPU = Debug|Any CPU
		Release|Any CPU = Release|Any CPU
	EndGlobalSection
	GlobalSection(ProjectConfigurationPlatforms) = postSolution
		{BF70C2F1-23B5-4D18-82AC-0602C9E462EF}.Debug|Any CPU.ActiveCfg = Debug|Any CPU
		{BF70C2F1-23B5-4D18-82AC-0602C9E462EF}.Debug|Any CPU.Build.0 = Debug|Any CPU
		{BF70C2F1-23B5-4D18-82AC-0602C9E462EF}.Release|Any CPU.ActiveCfg = Release|Any CPU
		{BF70C2F1-23B5-4D18-82AC-0602C9E462EF}.Release|Any CPU.Build.0 = Release|Any CPU
		{19480F75-0BF4-46BC-8C0A-1CF52D58BC68}.Debug|Any CPU.ActiveCfg = Debug|Any CPU
		{19480F75-0BF4-46BC-8C0A-1CF52D58BC68}.Debug|Any CPU.Build.0 = Debug|Any CPU
		{19480F75-0BF4-46BC-8C0A-1CF52D58BC68}.Release|Any CPU.ActiveCfg = Release|Any CPU
		{19480F75-0BF4-46BC-8C0A-1CF52D58BC68}.Release|Any CPU.Build.0 = Release|Any CPU
		{394977F8-19E7-45F5-A4D0-32A0AB76632A}.Debug|Any CPU.ActiveCfg = Debug|Any CPU
		{394977F8-19E7-45F5-A4D0-32A0AB76632A}.Debug|Any CPU.Build.0 = Debug|Any CPU
		{394977F8-19E7-45F5-A4D0-32A0AB76632A}.Release|Any CPU.ActiveCfg = Release|Any CPU
		{394977F8-19E7-45F5-A4D0-32A0AB76632A}.Release|Any CPU.Build.0 = Release|Any CPU
		{7513F591-8E78-49CF-B0ED-D053A949ABC6}.Debug|Any CPU.ActiveCfg = Debug|Any CPU
		{7513F591-8E78-49CF-B0ED-D053A949ABC6}.Debug|Any CPU.Build.0 = Debug|Any CPU
		{7513F591-8E78-49CF-B0ED-D053A949ABC6}.Release|Any CPU.ActiveCfg = Release|Any CPU
		{7513F591-8E78-49CF-B0ED-D053A949ABC6}.Release|Any CPU.Build.0 = Release|Any CPU
		{3B354A2B-41D2-4433-95FF-BAC09940EF0D}.Debug|Any CPU.ActiveCfg = Debug|Any CPU
		{3B354A2B-41D2-4433-95FF-BAC09940EF0D}.Debug|Any CPU.Build.0 = Debug|Any CPU
		{3B354A2B-41D2-4433-95FF-BAC09940EF0D}.Release|Any CPU.ActiveCfg = Release|Any CPU
		{3B354A2B-41D2-4433-95FF-BAC09940EF0D}.Release|Any CPU.Build.0 = Release|Any CPU
		{91883F0A-F57D-4DA4-A3F1-DDFB5C32D5D3}.Debug|Any CPU.ActiveCfg = Debug|Any CPU
		{91883F0A-F57D-4DA4-A3F1-DDFB5C32D5D3}.Debug|Any CPU.Build.0 = Debug|Any CPU
		{91883F0A-F57D-4DA4-A3F1-DDFB5C32D5D3}.Release|Any CPU.ActiveCfg = Release|Any CPU
		{91883F0A-F57D-4DA4-A3F1-DDFB5C32D5D3}.Release|Any CPU.Build.0 = Release|Any CPU
		{E7AD73D2-9075-4BF1-B846-D228F2D1D817}.Debug|Any CPU.ActiveCfg = Debug|Any CPU
		{E7AD73D2-9075-4BF1-B846-D228F2D1D817}.Debug|Any CPU.Build.0 = Debug|Any CPU
		{E7AD73D2-9075-4BF1-B846-D228F2D1D817}.Release|Any CPU.ActiveCfg = Release|Any CPU
		{E7AD73D2-9075-4BF1-B846-D228F2D1D817}.Release|Any CPU.Build.0 = Release|Any CPU
		{625A17DB-29E0-49B2-9392-5E54C2576497}.Debug|Any CPU.ActiveCfg = Debug|Any CPU
		{625A17DB-29E0-49B2-9392-5E54C2576497}.Debug|Any CPU.Build.0 = Debug|Any CPU
		{625A17DB-29E0-49B2-9392-5E54C2576497}.Release|Any CPU.ActiveCfg = Release|Any CPU
		{625A17DB-29E0-49B2-9392-5E54C2576497}.Release|Any CPU.Build.0 = Release|Any CPU
		{252150E0-DA81-4850-8B60-2EE826F4338C}.Debug|Any CPU.ActiveCfg = Debug|Any CPU
		{252150E0-DA81-4850-8B60-2EE826F4338C}.Debug|Any CPU.Build.0 = Debug|Any CPU
		{252150E0-DA81-4850-8B60-2EE826F4338C}.Release|Any CPU.ActiveCfg = Release|Any CPU
		{252150E0-DA81-4850-8B60-2EE826F4338C}.Release|Any CPU.Build.0 = Release|Any CPU
		{2CCECD2E-069A-40C0-88FF-0F63CAAA7776}.Debug|Any CPU.ActiveCfg = Debug|Any CPU
		{2CCECD2E-069A-40C0-88FF-0F63CAAA7776}.Debug|Any CPU.Build.0 = Debug|Any CPU
		{2CCECD2E-069A-40C0-88FF-0F63CAAA7776}.Release|Any CPU.ActiveCfg = Release|Any CPU
		{2CCECD2E-069A-40C0-88FF-0F63CAAA7776}.Release|Any CPU.Build.0 = Release|Any CPU
		{3AE80F01-550A-4200-AFBB-72383A362997}.Debug|Any CPU.ActiveCfg = Debug|Any CPU
		{3AE80F01-550A-4200-AFBB-72383A362997}.Debug|Any CPU.Build.0 = Debug|Any CPU
		{3AE80F01-550A-4200-AFBB-72383A362997}.Release|Any CPU.ActiveCfg = Release|Any CPU
		{3AE80F01-550A-4200-AFBB-72383A362997}.Release|Any CPU.Build.0 = Release|Any CPU
	EndGlobalSection
	GlobalSection(SolutionProperties) = preSolution
		HideSolutionNode = FALSE
	EndGlobalSection
	GlobalSection(NestedProjects) = preSolution
		{3A18F4F0-9B74-416B-9469-4B87798CB2B6} = {02EA681E-C7D8-13C7-8484-4AC65E1B71E8}
		{BF70C2F1-23B5-4D18-82AC-0602C9E462EF} = {3A18F4F0-9B74-416B-9469-4B87798CB2B6}
		{19480F75-0BF4-46BC-8C0A-1CF52D58BC68} = {3A18F4F0-9B74-416B-9469-4B87798CB2B6}
		{394977F8-19E7-45F5-A4D0-32A0AB76632A} = {3A18F4F0-9B74-416B-9469-4B87798CB2B6}
		{7513F591-8E78-49CF-B0ED-D053A949ABC6} = {3A18F4F0-9B74-416B-9469-4B87798CB2B6}
		{3B354A2B-41D2-4433-95FF-BAC09940EF0D} = {3A18F4F0-9B74-416B-9469-4B87798CB2B6}
		{91883F0A-F57D-4DA4-A3F1-DDFB5C32D5D3} = {3A18F4F0-9B74-416B-9469-4B87798CB2B6}
		{E7AD73D2-9075-4BF1-B846-D228F2D1D817} = {3A18F4F0-9B74-416B-9469-4B87798CB2B6}
		{625A17DB-29E0-49B2-9392-5E54C2576497} = {3A18F4F0-9B74-416B-9469-4B87798CB2B6}
		{252150E0-DA81-4850-8B60-2EE826F4338C} = {3A18F4F0-9B74-416B-9469-4B87798CB2B6}
		{88F80163-DBC9-492D-BBB9-4CE781C3D776} = {02EA681E-C7D8-13C7-8484-4AC65E1B71E8}
		{2CCECD2E-069A-40C0-88FF-0F63CAAA7776} = {88F80163-DBC9-492D-BBB9-4CE781C3D776}
		{3AE80F01-550A-4200-AFBB-72383A362997} = {88F80163-DBC9-492D-BBB9-4CE781C3D776}
	EndGlobalSection
	GlobalSection(ExtensibilityGlobals) = postSolution
		SolutionGuid = {BAEB1157-911E-492A-BB0D-1C76AEA5F5CE}
	EndGlobalSection
EndGlobal
